forecast-2020-12-07-56:
  cmd: fdt=2020-12-07 loc=56 Rscript write-formatted-forecast.R
  deps:
  - path: covidhub-common.R
    md5: d1f53bbe17d2d1081e275885727ee3ad
    size: 10346
  - path: fits/2020-12-07-fips56/fit.RData
    md5: d7bb81bb7572b73a520ad828076e11aa
    size: 42926
  - path: write-formatted-forecast.R
    md5: 6eff37a8d20f566571ec53cf50b52121
    size: 20429
  outs:
  - path: forecasts/2020-12-07-fips56
    md5: a1dbbe37239abb162d207168b2f07c04.dir
    size: 1091560
    nfiles: 20
  - path: plots/2020-12-07-fips56
    md5: 824d52f34488a40c5e6b93a3bfc6c761.dir
    size: 24025847
    nfiles: 100
fit-2020-12-07-56:
  cmd: fdt=2020-12-07 loc=56 Rscript fit-infection-kalman.R
  deps:
  - path: covidhub-common.R
    md5: d1f53bbe17d2d1081e275885727ee3ad
    size: 10346
  - path: fit-infection-kalman.R
    md5: 2ee1780b5824d4c3febe16e8f9fd0640
    size: 9455
  - path: hopkins/2020-12-07
    md5: 5b5d307b68b393c0dc8be402225174eb.dir
    size: 7661720
    nfiles: 8
  outs:
  - path: fits/2020-12-07-fips56/fit.RData
    md5: d7bb81bb7572b73a520ad828076e11aa
    size: 42926
