forecast-2020-12-07-09:
  cmd: fdt=2020-12-07 loc=09 Rscript write-formatted-forecast.R
  deps:
  - path: covidhub-common.R
    md5: d1f53bbe17d2d1081e275885727ee3ad
    size: 10346
  - path: fits/2020-12-07-fips09/fit.RData
    md5: b1b8b33b8cfba747e556d9859bd4af43
    size: 42945
  - path: write-formatted-forecast.R
    md5: 6eff37a8d20f566571ec53cf50b52121
    size: 20429
  outs:
  - path: forecasts/2020-12-07-fips09
    md5: 2dbfab9211bbcb237522da0a3b48ecfc.dir
    size: 1099848
    nfiles: 20
  - path: plots/2020-12-07-fips09
    md5: 1b799bb602e4b1b10e82a6aa84ce7879.dir
    size: 17349626
    nfiles: 100
fit-2020-12-07-09:
  cmd: fdt=2020-12-07 loc=09 Rscript fit-infection-kalman.R
  deps:
  - path: covidhub-common.R
    md5: d1f53bbe17d2d1081e275885727ee3ad
    size: 10346
  - path: fit-infection-kalman.R
    md5: 78fedd369905d1ae5da39e6f08a8522c
    size: 9486
  - path: hopkins/2020-12-07
    md5: 5b5d307b68b393c0dc8be402225174eb.dir
    size: 7661720
    nfiles: 8
  outs:
  - path: fits/2020-12-07-fips09/fit.RData
    md5: b1b8b33b8cfba747e556d9859bd4af43
    size: 42945
