forecast-2020-07-26-19:
  cmd: fdt=2020-07-26 loc=19 Rscript InfectionKalmanRegularization.R
  deps:
  - path: InfectionKalmanRegularization.R
    md5: e7c0f0f0f947fa8c7726f9cabd4286ab
    size: 15622
  - path: covidhub-common.R
    md5: 61115b4ee2b6253254dc75c5dc0fde3f
    size: 9912
  - path: hopkins/2020-07-26
    md5: 10aa1c52c0425eb5e20f4d0b54b82363.dir
    size: 4209293
    nfiles: 8
  outs:
  - path: forecasts/2020-07-26-fips19-lambda010.00-CEID-InfectionKalman.csv
    md5: 471b8416d088136250cd34d03200e3c8
    size: 2090
  - path: forecasts/2020-07-26-fips19-lambda011.24-CEID-InfectionKalman.csv
    md5: 7ab5db8a44f46924d2e9241e94091215
    size: 2090
  - path: forecasts/2020-07-26-fips19-lambda012.82-CEID-InfectionKalman.csv
    md5: 6f472b785c71bc0d93e30487c0ee9a66
    size: 2090
  - path: forecasts/2020-07-26-fips19-lambda014.93-CEID-InfectionKalman.csv
    md5: 5df6a0ce79202bceb1939dd5ac098637
    size: 2090
  - path: forecasts/2020-07-26-fips19-lambda017.86-CEID-InfectionKalman.csv
    md5: cde71670c49f8dd4436858c6e28f90f5
    size: 2090
  - path: forecasts/2020-07-26-fips19-lambda022.22-CEID-InfectionKalman.csv
    md5: c895bf4011cf391de1597949dcf674f9
    size: 2090
  - path: forecasts/2020-07-26-fips19-lambda029.41-CEID-InfectionKalman.csv
    md5: b4830c61e848c1e45b9652e485c7268f
    size: 2090
  - path: forecasts/2020-07-26-fips19-lambda043.48-CEID-InfectionKalman.csv
    md5: 3a5bd6274e02dde0c515c0aec1683bba
    size: 2090
  - path: forecasts/2020-07-26-fips19-lambda083.33-CEID-InfectionKalman.csv
    md5: 86212fe00391cfb2c85e78565479a3b4
    size: 2090
  - path: forecasts/2020-07-26-fips19-lambda1000.00-CEID-InfectionKalman.csv
    md5: 412b671c552541bb44f32eb68d8e4fe6
    size: 2090
