fit-2021-03-20-53:
  cmd: fdt=2021-03-20 loc=53 Rscript fit-infection-kalman.R
  deps:
  - path: covidhub-common.R
    md5: 04d21acd456a175c3042f7d5a68b4c2a
    size: 10399
  - path: fit-infection-kalman.R
    md5: 1727b17056dc641b7847302e351044a5
    size: 10517
  - path: hopkins/2021-03-20
    md5: 7a5650e737646c7b862f64bfa9e45662.dir
    size: 10804753
    nfiles: 8
  outs:
  - path: fits/2021-03-20-fips53/fit.RData
    md5: e11e81ca812799c65062f29b6e81cfb1
    size: 60796
