schema: '2.0'
stages:
  fit-2021-03-29-04:
    cmd: fdt=2021-03-29 loc=04 Rscript fit-infection-kalman.R
    deps:
    - path: covidcast-safegraph-home-prop-7dav/2021-03-29
      md5: c01e963a96900841742b78f59cb15604.dir
      size: 4478595
      nfiles: 1
    - path: covidhub-common.R
      md5: d6d3f848f3d9b7cbc3ddacc4793a40ee
      size: 26919
    - path: fit-infection-kalman.R
      md5: bf20efa3697c8c25aecbee109d872acf
      size: 8514
    - path: healthdata/2021-03-29/04
      md5: 4ef3607a3689c65efce360fbda022665.dir
      size: 112986
      nfiles: 1
    - path: hopkins-vaccine/2021-03-29
      md5: 0d0e971d6873949b6a4dbbfc431b5328.dir
      size: 1892034
      nfiles: 1
    - path: hopkins/2021-03-29
      md5: 108e400c368365126ba4e8f9f256f30e.dir
      size: 12647684
      nfiles: 8
    outs:
    - path: fits/2021-03-29-fips04/fit-metrics.json
      md5: d95abd7a94305690304716a9429f7db8
      size: 595
    - path: fits/2021-03-29-fips04/fit.RData
      md5: 50cc6ed67e7ce39dff919faebf98b9bb
      size: 20754
  forecast-2021-03-29-04:
    cmd: fdt=2021-03-29 loc=04 Rscript write-formatted-forecast.R
    deps:
    - path: covidhub-common.R
      md5: d6d3f848f3d9b7cbc3ddacc4793a40ee
      size: 26919
    - path: fits/2021-03-29-fips04/fit.RData
      md5: 50cc6ed67e7ce39dff919faebf98b9bb
      size: 20754
    - path: write-formatted-forecast.R
      md5: 12776c858af76dc59cddf7ace0717996
      size: 11366
    outs:
    - path: forecasts/2021-03-29-fips04
      md5: d2acbbeda286a6f5a4ade54caf4ca5db.dir
      size: 54578
      nfiles: 1
    - path: plots/2021-03-29-fips04
      md5: 5f4d8e7392bea3af701b7c7e42d82b6d.dir
      size: 1172315
      nfiles: 8
