schema: '2.0'
stages:
  fit-2021-03-29-04:
    cmd: fdt=2021-03-29 loc=04 Rscript fit-infection-kalman.R
    deps:
    - path: covidcast-safegraph-home-prop-7dav/2021-03-29
      md5: c01e963a96900841742b78f59cb15604.dir
      size: 4478595
      nfiles: 1
    - path: covidhub-common.R
      md5: b6b3e08767379b579d9a3d753d06440e
      size: 26882
    - path: fit-infection-kalman.R
      md5: 3b1fabac03cccf05888e8f6d6d1404ab
      size: 9845
    - path: healthdata/2021-03-29/04
      md5: 4ef3607a3689c65efce360fbda022665.dir
      size: 112986
      nfiles: 1
    - path: hopkins-vaccine/2021-03-29
      md5: 0d0e971d6873949b6a4dbbfc431b5328.dir
      size: 1892034
      nfiles: 1
    - path: hopkins/2021-03-29
      md5: 108e400c368365126ba4e8f9f256f30e.dir
      size: 12647684
      nfiles: 8
    outs:
    - path: fits/2021-03-29-fips04/fit-metrics.json
      md5: bff66d816ea2dddf56d4f8461473e5c2
      size: 368
    - path: fits/2021-03-29-fips04/fit.RData
      md5: 21015dd66e5fb9af494bb3818f1bf42a
      size: 20442
  forecast-2021-03-29-04:
    cmd: fdt=2021-03-29 loc=04 Rscript write-formatted-forecast.R
    deps:
    - path: covidhub-common.R
      md5: 04d21acd456a175c3042f7d5a68b4c2a
      size: 10399
    - path: fits/2021-03-29-fips04/fit.RData
      md5: 0b93c7c1dbca2e64049196b6702f304c
      size: 67908
    - path: write-formatted-forecast.R
      md5: fbf8b0fefa75dd2fca0a58ccda858ff2
      size: 21474
    outs:
    - path: forecasts/2021-03-29-fips04
      md5: 011fd9583bb4eb0571654bd9cb7e279b.dir
      size: 1099560
      nfiles: 20
    - path: plots/2021-03-29-fips04
      md5: 29e2bce3a3c96fdfe3f286879134aa7c.dir
      size: 17431882
      nfiles: 120
