schema: '2.0'
stages:
  fit-2021-02-08-06:
    cmd: fdtstart=2021-02-01 fdt=2021-02-08 loc=06 Rscript fit-infection-kalman.R
    deps:
    - path: covidhub-common.R
      md5: 26d4eddd5c4f13f3ca20860ea1b8452d
      size: 22657
    - path: fit-infection-kalman.R
      md5: 0e90d45e7c85aa17674deb4eaa20da15
      size: 12074
    - path: fits/2021-02-01-fips06/fit.RData
      md5: b11dc2c3d5e079a2b492462711c73c3f
      size: 48618
    - path: google-mobility-reports/2021-05-06
      md5: 19b9ffc61d3ce1b0f0ca51d18d6b2d26.dir
      size: 114473434
      nfiles: 2
    - path: hopkins/2021-02-08
      md5: 5447b841ad019f834050d92fade1e957.dir
      size: 9550690
      nfiles: 8
    outs:
    - path: fits/2021-02-08-fips06/fit-metrics.json
      md5: 92a2f189c024d096f9eb271663c5b811
      size: 365
    - path: fits/2021-02-08-fips06/fit.RData
      md5: 8b0ecf8d8453b2af004a03515556da46
      size: 52250
  forecast-2021-02-08-06:
    cmd: fdt=2021-02-08 loc=06 Rscript write-formatted-forecast.R
    deps:
    - path: covidhub-common.R
      md5: d70068236956f5f5edd497ee7f68f261
      size: 22590
    - path: fits/2021-02-08-fips06/fit.RData
      md5: 3910b2a360d72718cd43e308bce31dbd
      size: 9091
    - path: write-formatted-forecast.R
      md5: acd5827e1564045ee3eef4778c5f2adc
      size: 16621
    outs:
    - path: forecasts/2021-02-08-fips06
      md5: 93de1065d297f8c56b8a31b70072d0be.dir
      size: 52274
      nfiles: 1
    - path: plots/2021-02-08-fips06
      md5: 7b2f80615dbb015463bd0b8277ec58cb.dir
      size: 1326049
      nfiles: 8
