hopkins-2020-10-12:
  cmd: fdt=2020-10-12 ./pull-hopkins-ts-from-date.R
  deps:
  - path: pull-hopkins-ts-from-date.R
    md5: d350b3ca9b344dea811f07232d0ec8d8
    size: 803
  outs:
  - path: hopkins/2020-10-12
    md5: 7461af20726cac0df8ae8c4de261608c.dir
    size: 6162886
    nfiles: 8
hopkins-2021-01-11:
  cmd: fdt=2021-01-11 ./pull-hopkins-ts-from-date.R
  deps:
  - path: pull-hopkins-ts-from-date.R
    md5: d350b3ca9b344dea811f07232d0ec8d8
    size: 803
  outs:
  - path: hopkins/2021-01-11
    md5: 543f8454b2aeddbcd5373b3daf45f8b1.dir
    size: 8678408
    nfiles: 8
score-2021-01-11:
  cmd: ddt=2021-01-11 ./quantile-score.R
  deps:
  - path: covidhub-common.R
    md5: 61115b4ee2b6253254dc75c5dc0fde3f
    size: 9912
  - path: forecasts
    md5: 13735e00935b4a37abbee19f5131d9b3.dir
    size: 25400
    nfiles: 12
  - path: hopkins/2021-01-11
    md5: 543f8454b2aeddbcd5373b3daf45f8b1.dir
    size: 8678408
    nfiles: 8
  - path: quantile-score.R
    md5: 118719d48914df291c3f05d27d430bad
    size: 2716
  outs:
  - path: metrics/2021-01-11-residuals.rds
    md5: ed9c51f7e52215303819ae7afefa2ebd
    size: 3535
  - path: metrics/2021-01-11-score-by-loc-type-targ-type-forecast-date.csv
    md5: 4ab2219be60397936c891a210b0558f5
    size: 642
  - path: metrics/2021-01-11-score-by-loc-type-targ-type.csv
    md5: 1c99313395e0cc79e3fdaf0e07970330
    size: 71
  - path: metrics/2021-01-11-score-by-loc-type.csv
    md5: 1ed0fc7ac04374d810ab785e0cd3e366
    size: 41
data-prep-2020-10-12-36:
  cmd: fdt=2020-10-12 loc=36 Rscript infection-kalman-data-prep.R
  deps:
  - path: covidhub-common.R
    md5: 61115b4ee2b6253254dc75c5dc0fde3f
    size: 9912
  - path: hopkins/2020-10-12
    md5: 7461af20726cac0df8ae8c4de261608c.dir
    size: 6162886
    nfiles: 8
  - path: infection-kalman-data-prep.R
    md5: 7c1e852e2c8bfda908be4bff59787924
    size: 1399
  outs:
  - path: data--2020-10-12--36.csv
    md5: ed7e23d3005b26ad86ea0b0ed40e469a
    size: 9462
  - path: initial-pars--2020-10-12--36.csv
    md5: 9b7baeaf3c974a74791820fa28f32402
    size: 3700
data-fit-2020-10-12-36:
  cmd: julia InfectionKalmanMain.jl 2020-10-12 36
  deps:
  - path: InfectionKalman.jl
    md5: 60ad5265fe41c62aef4dab1b65b5e561
    size: 4105
  - path: InfectionKalmanMain.jl
    md5: 624a0dac39659f542002d4d3ba7a8bff
    size: 661
  - path: data--2020-10-12--36.csv
    md5: ed7e23d3005b26ad86ea0b0ed40e469a
    size: 9462
  - path: initial-pars--2020-10-12--36.csv
    md5: 9b7baeaf3c974a74791820fa28f32402
    size: 3700
  outs:
  - path: minimizer--2020-10-12--36.csv
    md5: bbc11be30dcc268e9a4ccfca38b8db58
    size: 5066
write-forecast-2020-10-12-36:
  cmd: fdt=2020-10-12 loc=36 Rscript infection-kalman-process-results.R
  deps:
  - path: data--2020-10-12--36.csv
    md5: ed7e23d3005b26ad86ea0b0ed40e469a
    size: 9462
  - path: infection-kalman-process-results.R
    md5: 4160631a4764ec278f89e7b52d2dd46f
    size: 11269
  - path: minimizer--2020-10-12--36.csv
    md5: bbc11be30dcc268e9a4ccfca38b8db58
    size: 5066
  outs:
  - path: forecasts/2020-10-12-CEID-InfectionKalman.csv
    md5: 79fb9efbe6e3cf2fbef09255814e17bd
    size: 2122
hopkins-2020-10-05:
  cmd: fdt=2020-10-05 ./pull-hopkins-ts-from-date.R
  deps:
  - path: pull-hopkins-ts-from-date.R
    md5: d350b3ca9b344dea811f07232d0ec8d8
    size: 803
  outs:
  - path: hopkins/2020-10-05
    md5: a004cb4fc6c590fa65cb16c73e990d27.dir
    size: 5980964
    nfiles: 8
data-prep-2020-10-05-36:
  cmd: fdt=2020-10-05 loc=36 Rscript infection-kalman-data-prep.R
  deps:
  - path: covidhub-common.R
    md5: 61115b4ee2b6253254dc75c5dc0fde3f
    size: 9912
  - path: hopkins/2020-10-05
    md5: a004cb4fc6c590fa65cb16c73e990d27.dir
    size: 5980964
    nfiles: 8
  - path: infection-kalman-data-prep.R
    md5: 7c1e852e2c8bfda908be4bff59787924
    size: 1399
  outs:
  - path: data--2020-10-05--36.csv
    md5: d7f2595c91e640bf6ccceac6abec366c
    size: 9207
  - path: initial-pars--2020-10-05--36.csv
    md5: 9b7baeaf3c974a74791820fa28f32402
    size: 3700
data-fit-2020-10-05-36:
  cmd: julia InfectionKalmanMain.jl 2020-10-05 36
  deps:
  - path: InfectionKalman.jl
    md5: 60ad5265fe41c62aef4dab1b65b5e561
    size: 4105
  - path: InfectionKalmanMain.jl
    md5: 624a0dac39659f542002d4d3ba7a8bff
    size: 661
  - path: data--2020-10-05--36.csv
    md5: d7f2595c91e640bf6ccceac6abec366c
    size: 9207
  - path: initial-pars--2020-10-05--36.csv
    md5: 9b7baeaf3c974a74791820fa28f32402
    size: 3700
  outs:
  - path: minimizer--2020-10-05--36.csv
    md5: 8a40f75506d3049d1491b197e0a8942f
    size: 5061
write-forecast-2020-10-05-36:
  cmd: fdt=2020-10-05 loc=36 Rscript infection-kalman-process-results.R
  deps:
  - path: data--2020-10-05--36.csv
    md5: d7f2595c91e640bf6ccceac6abec366c
    size: 9207
  - path: infection-kalman-process-results.R
    md5: 4160631a4764ec278f89e7b52d2dd46f
    size: 11269
  - path: minimizer--2020-10-05--36.csv
    md5: 8a40f75506d3049d1491b197e0a8942f
    size: 5061
  outs:
  - path: forecasts/2020-10-05-CEID-InfectionKalman.csv
    md5: db5b7c7fd69c386b8eefdcf3486d68a5
    size: 2090
hopkins-2020-09-28:
  cmd: fdt=2020-09-28 ./pull-hopkins-ts-from-date.R
  deps:
  - path: pull-hopkins-ts-from-date.R
    md5: d350b3ca9b344dea811f07232d0ec8d8
    size: 803
  outs:
  - path: hopkins/2020-09-28
    md5: 6aaa3222bc3aa2dc4b4795f5ac7c1639.dir
    size: 5801081
    nfiles: 8
data-prep-2020-09-28-36:
  cmd: fdt=2020-09-28 loc=36 Rscript infection-kalman-data-prep.R
  deps:
  - path: covidhub-common.R
    md5: 61115b4ee2b6253254dc75c5dc0fde3f
    size: 9912
  - path: hopkins/2020-09-28
    md5: 6aaa3222bc3aa2dc4b4795f5ac7c1639.dir
    size: 5801081
    nfiles: 8
  - path: infection-kalman-data-prep.R
    md5: 7c1e852e2c8bfda908be4bff59787924
    size: 1399
  outs:
  - path: data--2020-09-28--36.csv
    md5: 6bdf7423dec0095c4bec4d42211b38c9
    size: 8951
  - path: initial-pars--2020-09-28--36.csv
    md5: 9b7baeaf3c974a74791820fa28f32402
    size: 3700
data-fit-2020-09-28-36:
  cmd: julia InfectionKalmanMain.jl 2020-09-28 36
  deps:
  - path: InfectionKalman.jl
    md5: 60ad5265fe41c62aef4dab1b65b5e561
    size: 4105
  - path: InfectionKalmanMain.jl
    md5: 624a0dac39659f542002d4d3ba7a8bff
    size: 661
  - path: data--2020-09-28--36.csv
    md5: 6bdf7423dec0095c4bec4d42211b38c9
    size: 8951
  - path: initial-pars--2020-09-28--36.csv
    md5: 9b7baeaf3c974a74791820fa28f32402
    size: 3700
  outs:
  - path: minimizer--2020-09-28--36.csv
    md5: 65844f0eea78b28aa11d14db36b6fcf1
    size: 5068
write-forecast-2020-09-28-36:
  cmd: fdt=2020-09-28 loc=36 Rscript infection-kalman-process-results.R
  deps:
  - path: data--2020-09-28--36.csv
    md5: 6bdf7423dec0095c4bec4d42211b38c9
    size: 8951
  - path: infection-kalman-process-results.R
    md5: 4160631a4764ec278f89e7b52d2dd46f
    size: 11269
  - path: minimizer--2020-09-28--36.csv
    md5: 65844f0eea78b28aa11d14db36b6fcf1
    size: 5068
  outs:
  - path: forecasts/2020-09-28-CEID-InfectionKalman.csv
    md5: 676686bc5d96ac0a14df19b274b58055
    size: 2090
hopkins-2020-09-21:
  cmd: fdt=2020-09-21 ./pull-hopkins-ts-from-date.R
  deps:
  - path: pull-hopkins-ts-from-date.R
    md5: d350b3ca9b344dea811f07232d0ec8d8
    size: 803
  outs:
  - path: hopkins/2020-09-21
    md5: 1ef819278a378fc1c7e45006fee9302e.dir
    size: 5622795
    nfiles: 8
data-prep-2020-09-21-36:
  cmd: fdt=2020-09-21 loc=36 Rscript infection-kalman-data-prep.R
  deps:
  - path: covidhub-common.R
    md5: 61115b4ee2b6253254dc75c5dc0fde3f
    size: 9912
  - path: hopkins/2020-09-21
    md5: 1ef819278a378fc1c7e45006fee9302e.dir
    size: 5622795
    nfiles: 8
  - path: infection-kalman-data-prep.R
    md5: 7c1e852e2c8bfda908be4bff59787924
    size: 1399
  outs:
  - path: data--2020-09-21--36.csv
    md5: c77638c8dd887db4c075bee2776d8f9f
    size: 8701
  - path: initial-pars--2020-09-21--36.csv
    md5: 9b7baeaf3c974a74791820fa28f32402
    size: 3700
data-fit-2020-09-21-36:
  cmd: JULIA_DEPOT_PATH=/home/rstudio/.julia julia InfectionKalmanMain.jl 2020-09-21
    36
  deps:
  - path: InfectionKalman.jl
    md5: 60ad5265fe41c62aef4dab1b65b5e561
    size: 4105
  - path: InfectionKalmanMain.jl
    md5: 624a0dac39659f542002d4d3ba7a8bff
    size: 661
  - path: data--2020-09-21--36.csv
    md5: c77638c8dd887db4c075bee2776d8f9f
    size: 8701
  - path: initial-pars--2020-09-21--36.csv
    md5: 9b7baeaf3c974a74791820fa28f32402
    size: 3700
  outs:
  - path: minimizer--2020-09-21--36.csv
    md5: 59d2f52d3abaabbb4cdb6ec8d4852252
    size: 5060
write-forecast-2020-09-21-36:
  cmd: fdt=2020-09-21 loc=36 Rscript infection-kalman-process-results.R
  deps:
  - path: data--2020-09-21--36.csv
    md5: c77638c8dd887db4c075bee2776d8f9f
    size: 8701
  - path: infection-kalman-process-results.R
    md5: 4160631a4764ec278f89e7b52d2dd46f
    size: 11269
  - path: minimizer--2020-09-21--36.csv
    md5: 59d2f52d3abaabbb4cdb6ec8d4852252
    size: 5060
  outs:
  - path: forecasts/2020-09-21-CEID-InfectionKalman.csv
    md5: 15105d0b24ba615e181d0164d604bb65
    size: 2090
hopkins-2020-09-14:
  cmd: fdt=2020-09-14 ./pull-hopkins-ts-from-date.R
  deps:
  - path: pull-hopkins-ts-from-date.R
    md5: d350b3ca9b344dea811f07232d0ec8d8
    size: 803
  outs:
  - path: hopkins/2020-09-14
    md5: 7408a4d1d2c8fdb8a7b876ef78dff503.dir
    size: 5448582
    nfiles: 8
data-prep-2020-09-14-36:
  cmd: fdt=2020-09-14 loc=36 Rscript infection-kalman-data-prep.R
  deps:
  - path: covidhub-common.R
    md5: 61115b4ee2b6253254dc75c5dc0fde3f
    size: 9912
  - path: hopkins/2020-09-14
    md5: 7408a4d1d2c8fdb8a7b876ef78dff503.dir
    size: 5448582
    nfiles: 8
  - path: infection-kalman-data-prep.R
    md5: 7c1e852e2c8bfda908be4bff59787924
    size: 1399
  outs:
  - path: data--2020-09-14--36.csv
    md5: c41c94eff3b8e2ce4b99f61845cd8977
    size: 8451
  - path: initial-pars--2020-09-14--36.csv
    md5: 9b7baeaf3c974a74791820fa28f32402
    size: 3700
data-fit-2020-09-14-36:
  cmd: JULIA_DEPOT_PATH=/home/rstudio/.julia julia InfectionKalmanMain.jl 2020-09-14
    36
  deps:
  - path: InfectionKalman.jl
    md5: 60ad5265fe41c62aef4dab1b65b5e561
    size: 4105
  - path: InfectionKalmanMain.jl
    md5: 624a0dac39659f542002d4d3ba7a8bff
    size: 661
  - path: data--2020-09-14--36.csv
    md5: c41c94eff3b8e2ce4b99f61845cd8977
    size: 8451
  - path: initial-pars--2020-09-14--36.csv
    md5: 9b7baeaf3c974a74791820fa28f32402
    size: 3700
  outs:
  - path: minimizer--2020-09-14--36.csv
    md5: 20ca836b4e224ad1949430f169f21be4
    size: 5074
write-forecast-2020-09-14-36:
  cmd: fdt=2020-09-14 loc=36 Rscript infection-kalman-process-results.R
  deps:
  - path: data--2020-09-14--36.csv
    md5: c41c94eff3b8e2ce4b99f61845cd8977
    size: 8451
  - path: infection-kalman-process-results.R
    md5: 4160631a4764ec278f89e7b52d2dd46f
    size: 11269
  - path: minimizer--2020-09-14--36.csv
    md5: 20ca836b4e224ad1949430f169f21be4
    size: 5074
  outs:
  - path: forecasts/2020-09-14-CEID-InfectionKalman.csv
    md5: 8727fea033b4e886b43614c3f458f5a7
    size: 2090
hopkins-2020-10-19:
  cmd: fdt=2020-10-19 ./pull-hopkins-ts-from-date.R
  deps:
  - path: pull-hopkins-ts-from-date.R
    md5: d350b3ca9b344dea811f07232d0ec8d8
    size: 803
  outs:
  - path: hopkins/2020-10-19
    md5: 33716b6b3d0db13adc926170d4fd7f8d.dir
    size: 6347833
    nfiles: 8
data-prep-2020-10-19-36:
  cmd: fdt=2020-10-19 loc=36 Rscript infection-kalman-data-prep.R
  deps:
  - path: covidhub-common.R
    md5: 61115b4ee2b6253254dc75c5dc0fde3f
    size: 9912
  - path: hopkins/2020-10-19
    md5: 33716b6b3d0db13adc926170d4fd7f8d.dir
    size: 6347833
    nfiles: 8
  - path: infection-kalman-data-prep.R
    md5: 7c1e852e2c8bfda908be4bff59787924
    size: 1399
  outs:
  - path: data--2020-10-19--36.csv
    md5: faa32faf59751fcfbdb9d7fd9e2a0290
    size: 9717
  - path: initial-pars--2020-10-19--36.csv
    md5: 9b7baeaf3c974a74791820fa28f32402
    size: 3700
data-fit-2020-10-19-36:
  cmd: JULIA_DEPOT_PATH=/home/rstudio/.julia julia InfectionKalmanMain.jl 2020-10-19
    36
  deps:
  - path: InfectionKalman.jl
    md5: 60ad5265fe41c62aef4dab1b65b5e561
    size: 4105
  - path: InfectionKalmanMain.jl
    md5: 624a0dac39659f542002d4d3ba7a8bff
    size: 661
  - path: data--2020-10-19--36.csv
    md5: faa32faf59751fcfbdb9d7fd9e2a0290
    size: 9717
  - path: initial-pars--2020-10-19--36.csv
    md5: 9b7baeaf3c974a74791820fa28f32402
    size: 3700
  outs:
  - path: minimizer--2020-10-19--36.csv
    md5: eecbb6a79ea6a2b2b0089468d655111c
    size: 5066
write-forecast-2020-10-19-36:
  cmd: fdt=2020-10-19 loc=36 Rscript infection-kalman-process-results.R
  deps:
  - path: data--2020-10-19--36.csv
    md5: faa32faf59751fcfbdb9d7fd9e2a0290
    size: 9717
  - path: infection-kalman-process-results.R
    md5: 4160631a4764ec278f89e7b52d2dd46f
    size: 11269
  - path: minimizer--2020-10-19--36.csv
    md5: eecbb6a79ea6a2b2b0089468d655111c
    size: 5066
  outs:
  - path: forecasts/2020-10-19-CEID-InfectionKalman.csv
    md5: cd004fe471f9014c04e9f81f25dbc362
    size: 2122
hopkins-2020-10-26:
  cmd: fdt=2020-10-26 ./pull-hopkins-ts-from-date.R
  deps:
  - path: pull-hopkins-ts-from-date.R
    md5: d350b3ca9b344dea811f07232d0ec8d8
    size: 803
  outs:
  - path: hopkins/2020-10-26
    md5: 6cf94360504037df71b47f79f26bef0b.dir
    size: 6532799
    nfiles: 8
data-prep-2020-10-26-36:
  cmd: fdt=2020-10-26 loc=36 Rscript infection-kalman-data-prep.R
  deps:
  - path: covidhub-common.R
    md5: 61115b4ee2b6253254dc75c5dc0fde3f
    size: 9912
  - path: hopkins/2020-10-26
    md5: 6cf94360504037df71b47f79f26bef0b.dir
    size: 6532799
    nfiles: 8
  - path: infection-kalman-data-prep.R
    md5: 7c1e852e2c8bfda908be4bff59787924
    size: 1399
  outs:
  - path: data--2020-10-26--36.csv
    md5: 4c14d5b1c3bcaee8e829dea35057b7b7
    size: 9973
  - path: initial-pars--2020-10-26--36.csv
    md5: 9b7baeaf3c974a74791820fa28f32402
    size: 3700
data-fit-2020-10-26-36:
  cmd: JULIA_DEPOT_PATH=/home/rstudio/.julia julia InfectionKalmanMain.jl 2020-10-26
    36
  deps:
  - path: InfectionKalman.jl
    md5: 60ad5265fe41c62aef4dab1b65b5e561
    size: 4105
  - path: InfectionKalmanMain.jl
    md5: 624a0dac39659f542002d4d3ba7a8bff
    size: 661
  - path: data--2020-10-26--36.csv
    md5: 4c14d5b1c3bcaee8e829dea35057b7b7
    size: 9973
  - path: initial-pars--2020-10-26--36.csv
    md5: 9b7baeaf3c974a74791820fa28f32402
    size: 3700
  outs:
  - path: minimizer--2020-10-26--36.csv
    md5: e1bdd6c73f866327ffdd2c7b4ae50ebc
    size: 5065
write-forecast-2020-10-26-36:
  cmd: fdt=2020-10-26 loc=36 Rscript infection-kalman-process-results.R
  deps:
  - path: data--2020-10-26--36.csv
    md5: 4c14d5b1c3bcaee8e829dea35057b7b7
    size: 9973
  - path: infection-kalman-process-results.R
    md5: 4160631a4764ec278f89e7b52d2dd46f
    size: 11269
  - path: minimizer--2020-10-26--36.csv
    md5: e1bdd6c73f866327ffdd2c7b4ae50ebc
    size: 5065
  outs:
  - path: forecasts/2020-10-26-CEID-InfectionKalman.csv
    md5: 9d6cb616442f1112900afa0829db53ad
    size: 2122
hopkins-2020-11-02:
  cmd: fdt=2020-11-02 ./pull-hopkins-ts-from-date.R
  deps:
  - path: pull-hopkins-ts-from-date.R
    md5: d350b3ca9b344dea811f07232d0ec8d8
    size: 803
  outs:
  - path: hopkins/2020-11-02
    md5: a254b225c4f4c0d156daaea37551d597.dir
    size: 6695942
    nfiles: 8
data-prep-2020-11-02-36:
  cmd: fdt=2020-11-02 loc=36 Rscript infection-kalman-data-prep.R
  deps:
  - path: covidhub-common.R
    md5: 61115b4ee2b6253254dc75c5dc0fde3f
    size: 9912
  - path: hopkins/2020-11-02
    md5: a254b225c4f4c0d156daaea37551d597.dir
    size: 6695942
    nfiles: 8
  - path: infection-kalman-data-prep.R
    md5: 7c1e852e2c8bfda908be4bff59787924
    size: 1399
  outs:
  - path: data--2020-11-02--36.csv
    md5: f3dc50a0724b1d6a7b7d8a144ad063b7
    size: 10194
  - path: initial-pars--2020-11-02--36.csv
    md5: 9b7baeaf3c974a74791820fa28f32402
    size: 3700
data-fit-2020-11-02-36:
  cmd: JULIA_DEPOT_PATH=/home/rstudio/.julia julia InfectionKalmanMain.jl 2020-11-02
    36
  deps:
  - path: InfectionKalman.jl
    md5: 60ad5265fe41c62aef4dab1b65b5e561
    size: 4105
  - path: InfectionKalmanMain.jl
    md5: 624a0dac39659f542002d4d3ba7a8bff
    size: 661
  - path: data--2020-11-02--36.csv
    md5: f3dc50a0724b1d6a7b7d8a144ad063b7
    size: 10194
  - path: initial-pars--2020-11-02--36.csv
    md5: 9b7baeaf3c974a74791820fa28f32402
    size: 3700
  outs:
  - path: minimizer--2020-11-02--36.csv
    md5: 2a4bc4a62dc814d84bde0c831996d8ca
    size: 5065
write-forecast-2020-11-02-36:
  cmd: fdt=2020-11-02 loc=36 Rscript infection-kalman-process-results.R
  deps:
  - path: data--2020-11-02--36.csv
    md5: f3dc50a0724b1d6a7b7d8a144ad063b7
    size: 10194
  - path: infection-kalman-process-results.R
    md5: 4160631a4764ec278f89e7b52d2dd46f
    size: 11269
  - path: minimizer--2020-11-02--36.csv
    md5: 2a4bc4a62dc814d84bde0c831996d8ca
    size: 5065
  outs:
  - path: forecasts/2020-11-02-CEID-InfectionKalman.csv
    md5: 1c6c922897b524f5ed6d768148050f8b
    size: 2122
hopkins-2020-11-09:
  cmd: fdt=2020-11-09 ./pull-hopkins-ts-from-date.R
  deps:
  - path: pull-hopkins-ts-from-date.R
    md5: d350b3ca9b344dea811f07232d0ec8d8
    size: 803
  outs:
  - path: hopkins/2020-11-09
    md5: 71419e2cf7b0649ca6325d7a518bfe7d.dir
    size: 6889826
    nfiles: 8
data-prep-2020-11-09-36:
  cmd: fdt=2020-11-09 loc=36 Rscript infection-kalman-data-prep.R
  deps:
  - path: covidhub-common.R
    md5: 61115b4ee2b6253254dc75c5dc0fde3f
    size: 9912
  - path: hopkins/2020-11-09
    md5: 71419e2cf7b0649ca6325d7a518bfe7d.dir
    size: 6889826
    nfiles: 8
  - path: infection-kalman-data-prep.R
    md5: 7c1e852e2c8bfda908be4bff59787924
    size: 1399
  outs:
  - path: data--2020-11-09--36.csv
    md5: 39abfa075350bb655bafec79bcca6a84
    size: 10452
  - path: initial-pars--2020-11-09--36.csv
    md5: 9b7baeaf3c974a74791820fa28f32402
    size: 3700
data-fit-2020-11-09-36:
  cmd: JULIA_DEPOT_PATH=/home/rstudio/.julia julia InfectionKalmanMain.jl 2020-11-09
    36
  deps:
  - path: InfectionKalman.jl
    md5: 60ad5265fe41c62aef4dab1b65b5e561
    size: 4105
  - path: InfectionKalmanMain.jl
    md5: 624a0dac39659f542002d4d3ba7a8bff
    size: 661
  - path: data--2020-11-09--36.csv
    md5: 39abfa075350bb655bafec79bcca6a84
    size: 10452
  - path: initial-pars--2020-11-09--36.csv
    md5: 9b7baeaf3c974a74791820fa28f32402
    size: 3700
  outs:
  - path: minimizer--2020-11-09--36.csv
    md5: 8f2fc53dbd5f4d7547187b971331ae7c
    size: 5061
write-forecast-2020-11-09-36:
  cmd: fdt=2020-11-09 loc=36 Rscript infection-kalman-process-results.R
  deps:
  - path: data--2020-11-09--36.csv
    md5: 39abfa075350bb655bafec79bcca6a84
    size: 10452
  - path: infection-kalman-process-results.R
    md5: 4160631a4764ec278f89e7b52d2dd46f
    size: 11269
  - path: minimizer--2020-11-09--36.csv
    md5: 8f2fc53dbd5f4d7547187b971331ae7c
    size: 5061
  outs:
  - path: forecasts/2020-11-09-CEID-InfectionKalman.csv
    md5: 7d601b15531d3272ceda77d49894cd49
    size: 2122
hopkins-2020-11-16:
  cmd: fdt=2020-11-16 ./pull-hopkins-ts-from-date.R
  deps:
  - path: pull-hopkins-ts-from-date.R
    md5: d350b3ca9b344dea811f07232d0ec8d8
    size: 803
  outs:
  - path: hopkins/2020-11-16
    md5: 430a878537d60ab53d4c3a1a4d6cd23c.dir
    size: 7073622
    nfiles: 8
data-prep-2020-11-16-36:
  cmd: fdt=2020-11-16 loc=36 Rscript infection-kalman-data-prep.R
  deps:
  - path: covidhub-common.R
    md5: 61115b4ee2b6253254dc75c5dc0fde3f
    size: 9912
  - path: hopkins/2020-11-16
    md5: 430a878537d60ab53d4c3a1a4d6cd23c.dir
    size: 7073622
    nfiles: 8
  - path: infection-kalman-data-prep.R
    md5: 7c1e852e2c8bfda908be4bff59787924
    size: 1399
  outs:
  - path: data--2020-11-16--36.csv
    md5: 476993bedf761a4f1a22513c2ab2290d
    size: 10709
  - path: initial-pars--2020-11-16--36.csv
    md5: 9b7baeaf3c974a74791820fa28f32402
    size: 3700
data-fit-2020-11-16-36:
  cmd: JULIA_DEPOT_PATH=/home/rstudio/.julia julia InfectionKalmanMain.jl 2020-11-16
    36
  deps:
  - path: InfectionKalman.jl
    md5: 60ad5265fe41c62aef4dab1b65b5e561
    size: 4105
  - path: InfectionKalmanMain.jl
    md5: 624a0dac39659f542002d4d3ba7a8bff
    size: 661
  - path: data--2020-11-16--36.csv
    md5: 476993bedf761a4f1a22513c2ab2290d
    size: 10709
  - path: initial-pars--2020-11-16--36.csv
    md5: 9b7baeaf3c974a74791820fa28f32402
    size: 3700
  outs:
  - path: minimizer--2020-11-16--36.csv
    md5: 64167a005d7c2eb7a3bfd7c1a75b620f
    size: 5040
write-forecast-2020-11-16-36:
  cmd: fdt=2020-11-16 loc=36 Rscript infection-kalman-process-results.R
  deps:
  - path: data--2020-11-16--36.csv
    md5: 476993bedf761a4f1a22513c2ab2290d
    size: 10709
  - path: infection-kalman-process-results.R
    md5: 4160631a4764ec278f89e7b52d2dd46f
    size: 11269
  - path: minimizer--2020-11-16--36.csv
    md5: 64167a005d7c2eb7a3bfd7c1a75b620f
    size: 5040
  outs:
  - path: forecasts/2020-11-16-CEID-InfectionKalman.csv
    md5: a13a20fbe9a7ad761ef3de78c4ac927f
    size: 2122
hopkins-2020-11-23:
  cmd: fdt=2020-11-23 ./pull-hopkins-ts-from-date.R
  deps:
  - path: pull-hopkins-ts-from-date.R
    md5: d350b3ca9b344dea811f07232d0ec8d8
    size: 803
  outs:
  - path: hopkins/2020-11-23
    md5: 8e28e8b35cf400b971d6153d7a5715ee.dir
    size: 7266354
    nfiles: 8
data-prep-2020-11-23-36:
  cmd: fdt=2020-11-23 loc=36 Rscript infection-kalman-data-prep.R
  deps:
  - path: covidhub-common.R
    md5: 61115b4ee2b6253254dc75c5dc0fde3f
    size: 9912
  - path: hopkins/2020-11-23
    md5: 8e28e8b35cf400b971d6153d7a5715ee.dir
    size: 7266354
    nfiles: 8
  - path: infection-kalman-data-prep.R
    md5: 7c1e852e2c8bfda908be4bff59787924
    size: 1399
  outs:
  - path: data--2020-11-23--36.csv
    md5: 50a5dbe45ae1d76ae60c4e9ffc985baa
    size: 10966
  - path: initial-pars--2020-11-23--36.csv
    md5: 9b7baeaf3c974a74791820fa28f32402
    size: 3700
data-fit-2020-11-23-36:
  cmd: JULIA_DEPOT_PATH=/home/rstudio/.julia julia InfectionKalmanMain.jl 2020-11-23
    36
  deps:
  - path: InfectionKalman.jl
    md5: 60ad5265fe41c62aef4dab1b65b5e561
    size: 4105
  - path: InfectionKalmanMain.jl
    md5: 624a0dac39659f542002d4d3ba7a8bff
    size: 661
  - path: data--2020-11-23--36.csv
    md5: 50a5dbe45ae1d76ae60c4e9ffc985baa
    size: 10966
  - path: initial-pars--2020-11-23--36.csv
    md5: 9b7baeaf3c974a74791820fa28f32402
    size: 3700
  outs:
  - path: minimizer--2020-11-23--36.csv
    md5: 54b46ebccd1a58cd385855cf858c7714
    size: 5047
write-forecast-2020-11-23-36:
  cmd: fdt=2020-11-23 loc=36 Rscript infection-kalman-process-results.R
  deps:
  - path: data--2020-11-23--36.csv
    md5: 50a5dbe45ae1d76ae60c4e9ffc985baa
    size: 10966
  - path: infection-kalman-process-results.R
    md5: 4160631a4764ec278f89e7b52d2dd46f
    size: 11269
  - path: minimizer--2020-11-23--36.csv
    md5: 54b46ebccd1a58cd385855cf858c7714
    size: 5047
  outs:
  - path: forecasts/2020-11-23-CEID-InfectionKalman.csv
    md5: 69490402348bb7c4f6b5e495932359a0
    size: 2154
hopkins-2020-11-30:
  cmd: fdt=2020-11-30 ./pull-hopkins-ts-from-date.R
  deps:
  - path: pull-hopkins-ts-from-date.R
    md5: d350b3ca9b344dea811f07232d0ec8d8
    size: 803
  outs:
  - path: hopkins/2020-11-30
    md5: 553919c34613e7565024d3685dbc4a20.dir
    size: 7464559
    nfiles: 8
data-prep-2020-11-30-36:
  cmd: fdt=2020-11-30 loc=36 Rscript infection-kalman-data-prep.R
  deps:
  - path: covidhub-common.R
    md5: 61115b4ee2b6253254dc75c5dc0fde3f
    size: 9912
  - path: hopkins/2020-11-30
    md5: 553919c34613e7565024d3685dbc4a20.dir
    size: 7464559
    nfiles: 8
  - path: infection-kalman-data-prep.R
    md5: 7c1e852e2c8bfda908be4bff59787924
    size: 1399
  outs:
  - path: data--2020-11-30--36.csv
    md5: 59694d1fe2fc657333ba457ec9982f9b
    size: 11224
  - path: initial-pars--2020-11-30--36.csv
    md5: 9b7baeaf3c974a74791820fa28f32402
    size: 3700
data-fit-2020-11-30-36:
  cmd: JULIA_DEPOT_PATH=/home/rstudio/.julia julia InfectionKalmanMain.jl 2020-11-30
    36
  deps:
  - path: InfectionKalman.jl
    md5: 60ad5265fe41c62aef4dab1b65b5e561
    size: 4105
  - path: InfectionKalmanMain.jl
    md5: 624a0dac39659f542002d4d3ba7a8bff
    size: 661
  - path: data--2020-11-30--36.csv
    md5: 59694d1fe2fc657333ba457ec9982f9b
    size: 11224
  - path: initial-pars--2020-11-30--36.csv
    md5: 9b7baeaf3c974a74791820fa28f32402
    size: 3700
  outs:
  - path: minimizer--2020-11-30--36.csv
    md5: 59c9aa7a5d19f8046644674237941728
    size: 5048
write-forecast-2020-11-30-36:
  cmd: fdt=2020-11-30 loc=36 Rscript infection-kalman-process-results.R
  deps:
  - path: data--2020-11-30--36.csv
    md5: 59694d1fe2fc657333ba457ec9982f9b
    size: 11224
  - path: infection-kalman-process-results.R
    md5: 4160631a4764ec278f89e7b52d2dd46f
    size: 11269
  - path: minimizer--2020-11-30--36.csv
    md5: 59c9aa7a5d19f8046644674237941728
    size: 5048
  outs:
  - path: forecasts/2020-11-30-CEID-InfectionKalman.csv
    md5: 3a937a061244e238ff020ced24e61950
    size: 2154
