schema: '2.0'
stages:
  fit-2020-09-21-06:
    cmd: fdtstart=2020-09-14 fdt=2020-09-21 loc=06 Rscript fit-infection-kalman.R
    deps:
    - path: covidcast-safegraph-home-prop/2020-09-21
      md5: 683a423184e187c95a89578047968316.dir
      size: 3490487
      nfiles: 1
    - path: covidhub-common.R
      md5: d2f10acda3940b7478beea2ea1f0c462
      size: 22734
    - path: fit-infection-kalman.R
      md5: 45b22e709e3dcd8c3ccb4b008fe5b07b
      size: 10681
    - path: fits/2020-09-14-fips06/fit.RData
      md5: 6f04d6aad68aeed8502cecb9cc89b7c1
      size: 18545
    - path: hopkins/2020-09-21
      md5: 1ef819278a378fc1c7e45006fee9302e.dir
      size: 5622795
      nfiles: 8
    outs:
    - path: fits/2020-09-21-fips06/fit-metrics.json
      md5: 429e84273ee8cf8729e3aa44a52cc6dc
      size: 361
    - path: fits/2020-09-21-fips06/fit.RData
      md5: 2f123b84d0c31eda8b7f6a610f87ce40
      size: 19831
  forecast-2020-09-21-06:
    cmd: fdt=2020-09-21 loc=06 Rscript write-formatted-forecast.R
    deps:
    - path: covidhub-common.R
      md5: d2f10acda3940b7478beea2ea1f0c462
      size: 22734
    - path: fits/2020-09-21-fips06/fit.RData
      md5: 2f123b84d0c31eda8b7f6a610f87ce40
      size: 19831
    - path: write-formatted-forecast.R
      md5: 1ea1f2d0f3d50558989af1c03a480c5c
      size: 12297
    outs:
    - path: forecasts/2020-09-21-fips06
      md5: 7aa495471c020eedf64ebd280cb2aa9d.dir
      size: 53106
      nfiles: 1
    - path: plots/2020-09-21-fips06
      md5: d16e32eca89075d99d095bf81ce8893b.dir
      size: 1266632
      nfiles: 8
