schema: '2.0'
stages:
  fit-2020-09-21-06:
    cmd: fdtstart=2020-09-14 fdt=2020-09-21 loc=06 Rscript fit-infection-kalman.R
    deps:
    - path: covidhub-common.R
      md5: f23ed76edf6441b81ad37d635de7100e
      size: 24065
    - path: fit-infection-kalman.R
      md5: 373cf9b7b9e35567e59199a6b05c1042
      size: 11953
    - path: fits/2020-09-14-fips06/fit.RData
      md5: cde99748da1ead9d74297b590831e6b2
      size: 16717
    - path: google-mobility-reports-wayback/2020-09-21
      md5: 307c8241e6114d793d6e1708b5717e98.dir
      size: 718312
      nfiles: 2
    - path: hopkins/2020-09-21
      md5: 1ef819278a378fc1c7e45006fee9302e.dir
      size: 5622795
      nfiles: 8
    outs:
    - path: fits/2020-09-21-fips06/fit-metrics.json
      md5: 5f1237d8b013d646b896d90c4b5d42b2
      size: 359
    - path: fits/2020-09-21-fips06/fit.RData
      md5: 55c7e5bc7087ae7ede3c69bcd523ca46
      size: 17958
  forecast-2020-09-21-06:
    cmd: fdt=2020-09-21 loc=06 Rscript write-formatted-forecast.R
    deps:
    - path: covidhub-common.R
      md5: 4035c0102c7a76875a36f76b080c479c
      size: 24121
    - path: fits/2020-09-21-fips06/fit.RData
      md5: 55c7e5bc7087ae7ede3c69bcd523ca46
      size: 17958
    - path: write-formatted-forecast.R
      md5: 14339d42e03f5709c0690b788647be41
      size: 25472
    outs:
    - path: forecasts/2020-09-21-fips06
      md5: aea2ed3c0bdc68b5f2f89696f0e6ecf9.dir
      size: 53554
      nfiles: 1
    - path: plots/2020-09-21-fips06
      md5: ec98968c870f73a26002135919e8bc0f.dir
      size: 1912329
      nfiles: 12
