schema: '2.0'
stages:
  forecast-2020-12-07-06:
    cmd: fdt=2020-12-07 loc=06 Rscript write-formatted-forecast.R
    deps:
    - path: covidhub-common.R
      md5: d70068236956f5f5edd497ee7f68f261
      size: 22590
    - path: fits/2020-12-07-fips06/fit.RData
      md5: b6765afd1be125c35e24b8795c0446d1
      size: 7539
    - path: write-formatted-forecast.R
      md5: 1281a2506c8abc4e3e548a75321e25a6
      size: 14016
    outs:
    - path: forecasts/2020-12-07-fips06
      md5: c648be7f239f132d1b1ab33c41f5e43c.dir
      size: 52978
      nfiles: 1
    - path: plots/2020-12-07-fips06
      md5: d3b5d791950f0359f37df015bcf7b2ab.dir
      size: 1130580
      nfiles: 8
  fit-2020-12-07-06:
    cmd: fdtstart=2020-11-30 fdt=2020-12-07 loc=06 Rscript fit-infection-kalman.R
    deps:
    - path: covidhub-common.R
      md5: 26d4eddd5c4f13f3ca20860ea1b8452d
      size: 22657
    - path: fit-infection-kalman.R
      md5: 0e90d45e7c85aa17674deb4eaa20da15
      size: 12074
    - path: fits/2020-11-30-fips06/fit.RData
      md5: 3162f9db372abd2b560ea45804de284b
      size: 34211
    - path: google-mobility-reports/2021-05-06
      md5: 19b9ffc61d3ce1b0f0ca51d18d6b2d26.dir
      size: 114473434
      nfiles: 2
    - path: hopkins/2020-12-07
      md5: 5b5d307b68b393c0dc8be402225174eb.dir
      size: 7661720
      nfiles: 8
    outs:
    - path: fits/2020-12-07-fips06/fit-metrics.json
      md5: a83cabfd8c94fe7e75f6a74b0c8efc6b
      size: 367
    - path: fits/2020-12-07-fips06/fit.RData
      md5: fa846838bc490462886a9021549a7784
      size: 35239
