forecast-2020-07-26-35:
  cmd: fdt=2020-07-26 loc=35 Rscript InfectionKalmanRegularization.R
  deps:
  - path: InfectionKalmanRegularization.R
    md5: 314bd489f890bbe7eb00864a8ffe1664
    size: 15584
  - path: covidhub-common.R
    md5: 61115b4ee2b6253254dc75c5dc0fde3f
    size: 9912
  - path: hopkins/2020-07-26
    md5: 10aa1c52c0425eb5e20f4d0b54b82363.dir
    size: 4209293
    nfiles: 8
  outs:
  - path: forecasts/2020-07-26-fips35-lambda010.00-CEID-InfectionKalman.csv
    md5: dc8a54189eae47cc4c1d50e31899e175
    size: 2090
  - path: forecasts/2020-07-26-fips35-lambda011.24-CEID-InfectionKalman.csv
    md5: 660066a1107bfcfc000e984f65a3b5de
    size: 2090
  - path: forecasts/2020-07-26-fips35-lambda012.82-CEID-InfectionKalman.csv
    md5: 821f900c7382e044c3232e1cf419ee45
    size: 2090
  - path: forecasts/2020-07-26-fips35-lambda014.93-CEID-InfectionKalman.csv
    md5: 45cd9d7691de1825a9093a15d5428e26
    size: 2090
  - path: forecasts/2020-07-26-fips35-lambda017.86-CEID-InfectionKalman.csv
    md5: 93d4d7c88dcd1646bd5e54efa960e035
    size: 2090
  - path: forecasts/2020-07-26-fips35-lambda022.22-CEID-InfectionKalman.csv
    md5: 39d425b71daff58fcb0fff48e415d88f
    size: 2090
  - path: forecasts/2020-07-26-fips35-lambda029.41-CEID-InfectionKalman.csv
    md5: 72acb2f68aeaec7394080a193be654ac
    size: 2090
  - path: forecasts/2020-07-26-fips35-lambda043.48-CEID-InfectionKalman.csv
    md5: dde575a7df357403c402f98dd5d52916
    size: 2090
  - path: forecasts/2020-07-26-fips35-lambda083.33-CEID-InfectionKalman.csv
    md5: 7bbd674aaef3fe9b7d3a5e00fe806ff5
    size: 2090
  - path: forecasts/2020-07-26-fips35-lambda1000.00-CEID-InfectionKalman.csv
    md5: 380f46803ea8f720f1dbf52af3b6ac13
    size: 2090
