schema: '2.0'
stages:
  fit-2020-11-02-06:
    cmd: fdtstart=2020-10-26 fdt=2020-11-02 loc=06 Rscript fit-infection-kalman.R
    deps:
    - path: covidcast-safegraph-home-prop/2020-11-02
      md5: fdf2a0f809df8ad19d10574c30b59103.dir
      size: 3699433
      nfiles: 1
    - path: covidhub-common.R
      md5: 89cca14856e3484f57a0d2c212b2e196
      size: 26270
    - path: fit-infection-kalman.R
      md5: 43a0708679277a22a2263131fed66d53
      size: 9147
    - path: fits/2020-10-26-fips06/fit.RData
      md5: 3fa85766c93e342ac6346fd235e1d74b
      size: 18868
    - path: hopkins/2020-11-02
      md5: a254b225c4f4c0d156daaea37551d597.dir
      size: 6695942
      nfiles: 8
    outs:
    - path: fits/2020-11-02-fips06/fit-metrics.json
      md5: 6c63c64a88f5a0d1594206fbc629b4c2
      size: 361
    - path: fits/2020-11-02-fips06/fit.RData
      md5: 21cf463f0f588a0abfa793447bbc476d
      size: 19456
  forecast-2020-11-02-06:
    cmd: fdt=2020-11-02 loc=06 Rscript write-formatted-forecast.R
    deps:
    - path: covidhub-common.R
      md5: 648be2719015543ca6cf1d44b4dde5a2
      size: 25867
    - path: fits/2020-11-02-fips06/fit.RData
      md5: 674174e52723d07842c590051d4af602
      size: 18934
    - path: write-formatted-forecast.R
      md5: 3e260abb84a9dcab310eb841a324abeb
      size: 11999
    outs:
    - path: forecasts/2020-11-02-fips06
      md5: cbc9c9261a988ffcba3de95d3ea45358.dir
      size: 53554
      nfiles: 1
    - path: plots/2020-11-02-fips06
      md5: 8c313b30e81c59a0890f5a01feaf0a40.dir
      size: 1736441
      nfiles: 8
