schema: '2.0'
stages:
  fit-2021-02-22-06:
    cmd: fdtstart=2021-02-15 fdt=2021-02-22 loc=06 Rscript fit-infection-kalman.R
    deps:
    - path: covidhub-common.R
      md5: b70262ce34aa57caea5db6e7f128ce1d
      size: 23929
    - path: fit-infection-kalman.R
      md5: b223cd270a97fe798bab1c390a60d9a3
      size: 11220
    - path: fits/2021-02-15-fips06/fit.RData
      md5: d56ff7a951c99e0e7aa5b4d7f20cd889
      size: 55269
    - path: google-mobility-reports-wayback/2021-02-22
      md5: afbe72cfda56b71f297b1cbb0ff6652d.dir
      size: 1792015
      nfiles: 2
    - path: hopkins/2021-02-22
      md5: 97194904115f9d0f5feecadd136d4d5b.dir
      size: 9977717
      nfiles: 8
    outs:
    - path: fits/2021-02-22-fips06/fit-metrics.json
      md5: de883bd49199bc6952600ec818602aaa
      size: 365
    - path: fits/2021-02-22-fips06/fit.RData
      md5: 2d287e909bb22677d02efad0461d9ffb
      size: 56764
  forecast-2021-02-22-06:
    cmd: fdt=2021-02-22 loc=06 Rscript write-formatted-forecast.R
    deps:
    - path: covidhub-common.R
      md5: b70262ce34aa57caea5db6e7f128ce1d
      size: 23929
    - path: fits/2021-02-22-fips06/fit.RData
      md5: 23600fde64237bb5d4c76df9d48673fa
      size: 56858
    - path: write-formatted-forecast.R
      md5: e6862be3808a56bd01d248990c7a71fd
      size: 24595
    outs:
    - path: forecasts/2021-02-22-fips06
      md5: e1738601c9a8a57119b67d70c52e168b.dir
      size: 54994
      nfiles: 1
    - path: plots/2021-02-22-fips06
      md5: 6d3543284f3855bc297eeea0c0517ccb.dir
      size: 2101173
      nfiles: 12
