fit-2021-03-29-49:
  cmd: fdt=2021-03-29 loc=49 Rscript fit-infection-kalman.R
  deps:
  - path: covidhub-common.R
    md5: 04d21acd456a175c3042f7d5a68b4c2a
    size: 10399
  - path: fit-infection-kalman.R
    md5: 4bf32d0f77c0af2d2c4c049c3cf83be8
    size: 10693
  - path: healthdata/2021-03-29/49
    md5: e687a7f69c749d56a7e9e2fc63855441.dir
    size: 100868
    nfiles: 1
  - path: hopkins-vaccine/2021-03-29
    md5: 0d0e971d6873949b6a4dbbfc431b5328.dir
    size: 1892034
    nfiles: 1
  - path: hopkins/2021-03-29
    md5: 108e400c368365126ba4e8f9f256f30e.dir
    size: 12647684
    nfiles: 8
  outs:
  - path: fits/2021-03-29-fips49/fit.RData
    md5: 1029469e3c3f96bcea20f1cd06648c2d
    size: 61811
forecast-2021-03-29-49:
  cmd: fdt=2021-03-29 loc=49 Rscript write-formatted-forecast.R
  deps:
  - path: covidhub-common.R
    md5: 04d21acd456a175c3042f7d5a68b4c2a
    size: 10399
  - path: fits/2021-03-29-fips49/fit.RData
    md5: 1029469e3c3f96bcea20f1cd06648c2d
    size: 61811
  - path: write-formatted-forecast.R
    md5: fbf8b0fefa75dd2fca0a58ccda858ff2
    size: 21474
  outs:
  - path: forecasts/2021-03-29-fips49
    md5: f1ceb29a403e2b9cf07c0f4ccdd30e7b.dir
    size: 1099944
    nfiles: 20
  - path: plots/2021-03-29-fips49
    md5: 699af66ec7a5c26264e79d8283b50df8.dir
    size: 19533802
    nfiles: 120
