schema: '2.0'
stages:
  fit-2021-03-29-22:
    cmd: fdt=2021-03-29 loc=22 Rscript fit-infection-kalman.R
    deps:
    - path: covidcast-safegraph-home-prop-7dav/2021-03-29
      md5: c01e963a96900841742b78f59cb15604.dir
      size: 4478595
      nfiles: 1
    - path: covidhub-common.R
      md5: d6d3f848f3d9b7cbc3ddacc4793a40ee
      size: 26919
    - path: fit-infection-kalman.R
      md5: 32af6ea79878de20946d839be8bf12b8
      size: 8072
    - path: healthdata/2021-03-29/22
      md5: 7f513119b19cfff0dd681105e0fe857f.dir
      size: 116416
      nfiles: 1
    - path: hopkins-vaccine/2021-03-29
      md5: 0d0e971d6873949b6a4dbbfc431b5328.dir
      size: 1892034
      nfiles: 1
    - path: hopkins/2021-03-29
      md5: 108e400c368365126ba4e8f9f256f30e.dir
      size: 12647684
      nfiles: 8
    outs:
    - path: fits/2021-03-29-fips22/fit-metrics.json
      md5: 4f3f2616c5960a7de8c2708e88b3dcd2
      size: 590
    - path: fits/2021-03-29-fips22/fit.RData
      md5: 325ae8b964f73b84808e45160e58115b
      size: 20313
  forecast-2021-03-29-22:
    cmd: fdt=2021-03-29 loc=22 Rscript write-formatted-forecast.R
    deps:
    - path: covidhub-common.R
      md5: d6d3f848f3d9b7cbc3ddacc4793a40ee
      size: 26919
    - path: fits/2021-03-29-fips22/fit.RData
      md5: 325ae8b964f73b84808e45160e58115b
      size: 20313
    - path: write-formatted-forecast.R
      md5: 12776c858af76dc59cddf7ace0717996
      size: 11366
    outs:
    - path: forecasts/2021-03-29-fips22
      md5: c500122236254d67a01e124311aafe85.dir
      size: 54546
      nfiles: 1
    - path: plots/2021-03-29-fips22
      md5: 49c0e623718f33ec194aa54a68617b9c.dir
      size: 1191300
      nfiles: 8
