forecast-2020-07-27-12:
  cmd: fdt=2020-07-27 loc=12 Rscript InfectionKalmanRegularization.R
  deps:
  - path: InfectionKalmanRegularization.R
    md5: f90b2c6631383d77ed0b978d3ebba3dc
    size: 15869
  - path: covidhub-common.R
    md5: f20b6b459c901a0109be2e9b32b71b0d
    size: 9944
  - path: hopkins/2020-07-27
    md5: 13dc696d512db6d01cf50e17d5e8fbc0.dir
    size: 4238629
    nfiles: 8
  outs:
  - path: forecasts/2020-07-27-fips12
    md5: a00127a6bf19b7c3748c4fc2d689037f.dir
    size: 42536
    nfiles: 20
