schema: '2.0'
stages:
  fit-2021-01-25-06:
    cmd: fdtstart=2021-01-18 fdt=2021-01-25 loc=06 Rscript fit-infection-kalman.R
    deps:
    - path: covidhub-common.R
      md5: d70068236956f5f5edd497ee7f68f261
      size: 22590
    - path: fit-infection-kalman.R
      md5: 94a48036644e4f99e659aa02ed70b288
      size: 12138
    - path: fits/2021-01-18-fips06/fit.RData
      md5: a047cea4412253ee1671123a83fe68fb
      size: 8431
    - path: google-mobility-reports/2021-05-06
      md5: 19b9ffc61d3ce1b0f0ca51d18d6b2d26.dir
      size: 114473434
      nfiles: 2
    - path: hopkins/2021-01-25
      md5: c1a1887563595ac0c0dea6347ab8ff29.dir
      size: 9130826
      nfiles: 8
    outs:
    - path: fits/2021-01-25-fips06/fit-metrics.json
      md5: fabd5d60e81e39aa34875048f977b03f
      size: 369
    - path: fits/2021-01-25-fips06/fit.RData
      md5: 9c78682a844976f835e56ff994824f19
      size: 8584
  forecast-2021-01-25-06:
    cmd: fdt=2021-01-25 loc=06 Rscript write-formatted-forecast.R
    deps:
    - path: covidhub-common.R
      md5: d70068236956f5f5edd497ee7f68f261
      size: 22590
    - path: fits/2021-01-25-fips06/fit.RData
      md5: 9c78682a844976f835e56ff994824f19
      size: 8584
    - path: write-formatted-forecast.R
      md5: 65d4215ac5c77ab539f672e70858f5f9
      size: 12580
    outs:
    - path: forecasts/2021-01-25-fips06
      md5: 359e498f0657aa7120fc07fd93487183.dir
      size: 53746
      nfiles: 1
    - path: plots/2021-01-25-fips06
      md5: d595c9b8681143f90186c43b12295a4e.dir
      size: 1662878
      nfiles: 8
