schema: '2.0'
stages:
  fit-2020-09-28-06:
    cmd: fdtstart=2020-09-21 fdt=2020-09-28 loc=06 Rscript fit-infection-kalman.R
    deps:
    - path: covidhub-common.R
      md5: b70262ce34aa57caea5db6e7f128ce1d
      size: 23929
    - path: fit-infection-kalman.R
      md5: b223cd270a97fe798bab1c390a60d9a3
      size: 11220
    - path: fits/2020-09-21-fips06/fit.RData
      md5: ae5199f594caaeb5a3689409474d2fe0
      size: 17348
    - path: google-mobility-reports-wayback/2020-09-28
      md5: e1cb1faaa871a29daa3de25450d703e3.dir
      size: 736107
      nfiles: 2
    - path: hopkins/2020-09-28
      md5: 6aaa3222bc3aa2dc4b4795f5ac7c1639.dir
      size: 5801081
      nfiles: 8
    outs:
    - path: fits/2020-09-28-fips06/fit-metrics.json
      md5: 5ac350e73b5d09f4a84d0f778d510132
      size: 360
    - path: fits/2020-09-28-fips06/fit.RData
      md5: 713a207a43e21bc51c095972ed9fe221
      size: 17934
  forecast-2020-09-28-06:
    cmd: fdt=2020-09-28 loc=06 Rscript write-formatted-forecast.R
    deps:
    - path: covidhub-common.R
      md5: b70262ce34aa57caea5db6e7f128ce1d
      size: 23929
    - path: fits/2020-09-28-fips06/fit.RData
      md5: 713a207a43e21bc51c095972ed9fe221
      size: 17934
    - path: write-formatted-forecast.R
      md5: e6862be3808a56bd01d248990c7a71fd
      size: 24595
    outs:
    - path: forecasts/2020-09-28-fips06
      md5: 1a06334edaae092c8ef7e8bd64f731f5.dir
      size: 52882
      nfiles: 1
    - path: plots/2020-09-28-fips06
      md5: a57f1097027dc47841f9df3d08208db2.dir
      size: 1591329
      nfiles: 12
