schema: '2.0'
stages:
  forecast-2020-11-30-06:
    cmd: fdt=2020-11-30 loc=06 Rscript write-formatted-forecast.R
    deps:
    - path: covidhub-common.R
      md5: 4035c0102c7a76875a36f76b080c479c
      size: 24121
    - path: fits/2020-11-30-fips06/fit.RData
      md5: a09e794ffc486611f1a871e35d9a1233
      size: 36077
    - path: write-formatted-forecast.R
      md5: d517892d7de0dd5c6d31d61dee97b808
      size: 27712
    outs:
    - path: forecasts/2020-11-30-fips06
      md5: 1df966c05fd7a4a03de75208f9a76319.dir
      size: 52338
      nfiles: 1
    - path: plots/2020-11-30-fips06
      md5: 2fad449c7b993d74ff56aedd655c17f1.dir
      size: 2610299
      nfiles: 14
  fit-2020-11-30-06:
    cmd: fdtstart=2020-11-23 fdt=2020-11-30 loc=06 Rscript fit-infection-kalman.R
    deps:
    - path: covidhub-common.R
      md5: 4035c0102c7a76875a36f76b080c479c
      size: 24121
    - path: fit-infection-kalman.R
      md5: b6667a9a13d29549198f133a473a3922
      size: 11471
    - path: fits/2020-11-23-fips06/fit.RData
      md5: 00d344c82661a8db4197ee183955261e
      size: 35107
    - path: google-mobility-reports-wayback/2020-11-30
      md5: 0c533e05215e463b53a859d466cd7f9b.dir
      size: 971716
      nfiles: 2
    - path: hopkins/2020-11-30
      md5: 553919c34613e7565024d3685dbc4a20.dir
      size: 7464559
      nfiles: 8
    outs:
    - path: fits/2020-11-30-fips06/fit-metrics.json
      md5: 2a3756e5c965bab6e9c2185e4e5e9751
      size: 364
    - path: fits/2020-11-30-fips06/fit.RData
      md5: a09e794ffc486611f1a871e35d9a1233
      size: 36077
