schema: '2.0'
stages:
  forecast-2020-07-20-06:
    cmd: fdt=2020-07-20 loc=06 Rscript write-formatted-forecast.R
    deps:
    - path: covidhub-common.R
      md5: 34da1edc9c62acb19a2a1557fa6f403d
      size: 22662
    - path: fits/2020-07-20-fips06/fit.RData
      md5: 4688b3205b3e8120c94ad5bd1e09ca57
      size: 10516
    - path: write-formatted-forecast.R
      md5: 1a09232ac08aa884835fa788a2c2281d
      size: 12557
    outs:
    - path: forecasts/2020-07-20-fips06
      md5: d1b5ee33e0f40ecfbbc273ce8ff66f8c.dir
      size: 52882
      nfiles: 1
    - path: plots/2020-07-20-fips06
      md5: 481d2c1a14b0a592bdc8d1da5dbf06db.dir
      size: 1449887
      nfiles: 8
  fit-2020-07-20-06:
    cmd: fdtstart=2020-07-13 fdt=2020-07-20 loc=06 Rscript fit-infection-kalman.R
    deps:
    - path: covidhub-common.R
      md5: 49555e6e2d733baa41116f01c5185bfe
      size: 23037
    - path: fit-infection-kalman.R
      md5: 736cbd4039fee5c6a9f37de625b9c846
      size: 12241
    - path: fits/2020-07-13-fips06/fit.RData
      md5: 13cf06025ec5480c1ad3645b0dc25438
      size: 9889
    - path: google-mobility-reports/2021-05-06
      md5: 19b9ffc61d3ce1b0f0ca51d18d6b2d26.dir
      size: 114473434
      nfiles: 2
    - path: hopkins/2020-07-20
      md5: 4ff83c91ad38609ebf9cc86fadaea528.dir
      size: 4049279
      nfiles: 8
    outs:
    - path: fits/2020-07-20-fips06/fit-metrics.json
      md5: c066e5a1c5ed69c73f08c9d8a3d90a82
      size: 363
    - path: fits/2020-07-20-fips06/fit.RData
      md5: ab7978b1937b4ec9f26bba247ef0e36d
      size: 10353
