fit-2021-03-20-41:
  cmd: fdt=2021-03-20 loc=41 Rscript fit-infection-kalman.R
  deps:
  - path: covidhub-common.R
    md5: 04d21acd456a175c3042f7d5a68b4c2a
    size: 10399
  - path: fit-infection-kalman.R
    md5: 1727b17056dc641b7847302e351044a5
    size: 10517
  - path: hopkins/2021-03-20
    md5: 7a5650e737646c7b862f64bfa9e45662.dir
    size: 10804753
    nfiles: 8
  outs:
  - path: fits/2021-03-20-fips41/fit.RData
    md5: e2d92894deeffd1cd7461cb5e667d057
    size: 60948
forecast-2021-03-20-41:
  cmd: fdt=2021-03-20 loc=41 Rscript write-formatted-forecast.R
  deps:
  - path: covidhub-common.R
    md5: 04d21acd456a175c3042f7d5a68b4c2a
    size: 10399
  - path: fits/2021-03-20-fips41/fit.RData
    md5: e2d92894deeffd1cd7461cb5e667d057
    size: 60948
  - path: write-formatted-forecast.R
    md5: fbf8b0fefa75dd2fca0a58ccda858ff2
    size: 21474
  outs:
  - path: forecasts/2021-03-20-fips41
    md5: a7e7c06b9506640a3315c2a15da997c4.dir
    size: 1102600
    nfiles: 20
  - path: plots/2021-03-20-fips41
    md5: 161399f6dc86ff701e8bc08fd848acb5.dir
    size: 28590704
    nfiles: 120
