forecast-2020-07-26-05:
  cmd: fdt=2020-07-26 loc=05 Rscript InfectionKalmanRegularization.R
  deps:
  - path: InfectionKalmanRegularization.R
    md5: e7c0f0f0f947fa8c7726f9cabd4286ab
    size: 15622
  - path: covidhub-common.R
    md5: 61115b4ee2b6253254dc75c5dc0fde3f
    size: 9912
  - path: hopkins/2020-07-26
    md5: 10aa1c52c0425eb5e20f4d0b54b82363.dir
    size: 4209293
    nfiles: 8
  outs:
  - path: forecasts/2020-07-26-fips05-lambda010.00-CEID-InfectionKalman.csv
    md5: 53603c4005dcd88fdbf09a9363f875e8
    size: 2122
  - path: forecasts/2020-07-26-fips05-lambda011.24-CEID-InfectionKalman.csv
    md5: ad44bc5a4d6a1d1cf242272dd3966133
    size: 2122
  - path: forecasts/2020-07-26-fips05-lambda012.82-CEID-InfectionKalman.csv
    md5: 573c941cd2715b6012a5eaf874310c6e
    size: 2122
  - path: forecasts/2020-07-26-fips05-lambda014.93-CEID-InfectionKalman.csv
    md5: 437221d125af546c9ae6503a6e3ba218
    size: 2090
  - path: forecasts/2020-07-26-fips05-lambda017.86-CEID-InfectionKalman.csv
    md5: 7355551a9acc835358a088dffca870e1
    size: 2090
  - path: forecasts/2020-07-26-fips05-lambda022.22-CEID-InfectionKalman.csv
    md5: 3ed9e9f1dba0a8d705cb53390ded95f9
    size: 2090
  - path: forecasts/2020-07-26-fips05-lambda029.41-CEID-InfectionKalman.csv
    md5: c0e61bcde501a0cf24bb35f8f898f740
    size: 2090
  - path: forecasts/2020-07-26-fips05-lambda043.48-CEID-InfectionKalman.csv
    md5: 6d53605a0cc669c8aaf74747064ea8e6
    size: 2090
  - path: forecasts/2020-07-26-fips05-lambda083.33-CEID-InfectionKalman.csv
    md5: 31550ec41d8ca3a08afe754efa2f1af3
    size: 2090
  - path: forecasts/2020-07-26-fips05-lambda1000.00-CEID-InfectionKalman.csv
    md5: ef0d25543d87e148816aca279cd9752b
    size: 2090
