forecast-2020-07-26-69:
  cmd: fdt=2020-07-26 loc=69 Rscript InfectionKalmanRegularization.R
  deps:
  - path: InfectionKalmanRegularization.R
    md5: e7c0f0f0f947fa8c7726f9cabd4286ab
    size: 15622
  - path: covidhub-common.R
    md5: 61115b4ee2b6253254dc75c5dc0fde3f
    size: 9912
  - path: hopkins/2020-07-26
    md5: 10aa1c52c0425eb5e20f4d0b54b82363.dir
    size: 4209293
    nfiles: 8
  outs:
  - path: forecasts/2020-07-26-fips69-lambda010.00-CEID-InfectionKalman.csv
    md5: 20a9bfec7b7c2c13d7e7aef152fbe52f
    size: 2154
  - path: forecasts/2020-07-26-fips69-lambda011.24-CEID-InfectionKalman.csv
    md5: 6b0be247507e668674aa1044e462af72
    size: 2154
  - path: forecasts/2020-07-26-fips69-lambda012.82-CEID-InfectionKalman.csv
    md5: 627347c92a4d0ab1031af5cd43a22998
    size: 2154
  - path: forecasts/2020-07-26-fips69-lambda014.93-CEID-InfectionKalman.csv
    md5: 59b0b9493e8e7bc019240b078cf6d93d
    size: 2154
  - path: forecasts/2020-07-26-fips69-lambda017.86-CEID-InfectionKalman.csv
    md5: bfdab435c3f9d21da23b9e6f0f03daae
    size: 2154
  - path: forecasts/2020-07-26-fips69-lambda022.22-CEID-InfectionKalman.csv
    md5: e0e86cf25678653fc5ac77a35c0e3aaa
    size: 2154
  - path: forecasts/2020-07-26-fips69-lambda029.41-CEID-InfectionKalman.csv
    md5: 2e97a9db976aad633b6b943d4303307e
    size: 2154
  - path: forecasts/2020-07-26-fips69-lambda043.48-CEID-InfectionKalman.csv
    md5: 2d96d90821eda26d17ef5f75db1d7fdc
    size: 2186
  - path: forecasts/2020-07-26-fips69-lambda083.33-CEID-InfectionKalman.csv
    md5: 640deb021e71190be6c8ae7e21efc6ed
    size: 2154
  - path: forecasts/2020-07-26-fips69-lambda1000.00-CEID-InfectionKalman.csv
    md5: 4eb54b5840fd7f1318dc96349cb004c9
    size: 2186
