forecast-2020-07-26-23:
  cmd: fdt=2020-07-26 loc=23 Rscript InfectionKalmanRegularization.R
  deps:
  - path: InfectionKalmanRegularization.R
    md5: 314bd489f890bbe7eb00864a8ffe1664
    size: 15584
  - path: covidhub-common.R
    md5: 61115b4ee2b6253254dc75c5dc0fde3f
    size: 9912
  - path: hopkins/2020-07-26
    md5: 10aa1c52c0425eb5e20f4d0b54b82363.dir
    size: 4209293
    nfiles: 8
  outs:
  - path: forecasts/2020-07-26-fips23-lambda010.00-CEID-InfectionKalman.csv
    md5: bb0654043764435bdc13456e6ea098e8
    size: 2154
  - path: forecasts/2020-07-26-fips23-lambda011.24-CEID-InfectionKalman.csv
    md5: d86c3037b28816a132ba8d897eede663
    size: 2154
  - path: forecasts/2020-07-26-fips23-lambda012.82-CEID-InfectionKalman.csv
    md5: dcc8902e3213cc553a413a6347c44105
    size: 2154
  - path: forecasts/2020-07-26-fips23-lambda014.93-CEID-InfectionKalman.csv
    md5: cbbd7525b08c9e16a2706b6a17430d61
    size: 2154
  - path: forecasts/2020-07-26-fips23-lambda017.86-CEID-InfectionKalman.csv
    md5: fbd4f0ed8b54fc53d38174cf30d550a2
    size: 2154
  - path: forecasts/2020-07-26-fips23-lambda022.22-CEID-InfectionKalman.csv
    md5: d974bb06bc099d315048b97e2bfd5fd5
    size: 2154
  - path: forecasts/2020-07-26-fips23-lambda029.41-CEID-InfectionKalman.csv
    md5: e30984d22fd353980891b1da133c270d
    size: 2154
  - path: forecasts/2020-07-26-fips23-lambda043.48-CEID-InfectionKalman.csv
    md5: 31927dbf1d5f79863517034dba96b611
    size: 2154
  - path: forecasts/2020-07-26-fips23-lambda083.33-CEID-InfectionKalman.csv
    md5: 13ecd9c6e95952edd64538576e1054a4
    size: 2122
  - path: forecasts/2020-07-26-fips23-lambda1000.00-CEID-InfectionKalman.csv
    md5: 7f66891663a8b7f212bc8ddbbda1160f
    size: 2154
