schema: '2.0'
stages:
  fit-2020-08-31-06:
    cmd: fdtstart=2020-08-24 fdt=2020-08-31 loc=06 Rscript fit-infection-kalman.R
    deps:
    - path: covidhub-common.R
      md5: f23ed76edf6441b81ad37d635de7100e
      size: 24065
    - path: fit-infection-kalman.R
      md5: 373cf9b7b9e35567e59199a6b05c1042
      size: 11953
    - path: fits/2020-08-24-fips06/fit.RData
      md5: 4929d55663de43419e2cfb0ad8a5474a
      size: 14894
    - path: google-mobility-reports-wayback/2020-08-31
      md5: 5a423bf285a3d153848393fe7d78b05d.dir
      size: 660401
      nfiles: 2
    - path: hopkins/2020-08-31
      md5: 537c308e7f44e42557dbab59b275bde4.dir
      size: 5087140
      nfiles: 8
    outs:
    - path: fits/2020-08-31-fips06/fit-metrics.json
      md5: 32cf0c21726110b4f4e82ba63636f24d
      size: 360
    - path: fits/2020-08-31-fips06/fit.RData
      md5: ba06fcd7795dea5c93070e3fd340fee1
      size: 15606
  forecast-2020-08-31-06:
    cmd: fdt=2020-08-31 loc=06 Rscript write-formatted-forecast.R
    deps:
    - path: covidhub-common.R
      md5: f23ed76edf6441b81ad37d635de7100e
      size: 24065
    - path: fits/2020-08-31-fips06/fit.RData
      md5: ba06fcd7795dea5c93070e3fd340fee1
      size: 15606
    - path: write-formatted-forecast.R
      md5: 87d756b4532d0d829504a3e5b158431a
      size: 24970
    outs:
    - path: forecasts/2020-08-31-fips06
      md5: 599f2ef44ac2ab58f2057defecfe727c.dir
      size: 53554
      nfiles: 1
    - path: plots/2020-08-31-fips06
      md5: 5228352c3eba1d4ff9e46605596cc44e.dir
      size: 1982294
      nfiles: 12
