schema: '2.0'
stages:
  fit-2021-04-12-06:
    cmd: fdtstart=2021-04-05 fdt=2021-04-12 loc=06 Rscript fit-infection-kalman.R
    deps:
    - path: covidhub-common.R
      md5: 26d4eddd5c4f13f3ca20860ea1b8452d
      size: 22657
    - path: fit-infection-kalman.R
      md5: 0e90d45e7c85aa17674deb4eaa20da15
      size: 12074
    - path: fits/2021-04-05-fips06/fit.RData
      md5: dc1813b360c225af2fb19f677f044585
      size: 71746
    - path: google-mobility-reports/2021-05-06
      md5: 19b9ffc61d3ce1b0f0ca51d18d6b2d26.dir
      size: 114473434
      nfiles: 2
    - path: hopkins/2021-04-12
      md5: b2134e0b32e4f54d5091630146816c76.dir
      size: 13343699
      nfiles: 8
    outs:
    - path: fits/2021-04-12-fips06/fit-metrics.json
      md5: a3a0b37a25f1bb93b43b154b0cf7bdca
      size: 367
    - path: fits/2021-04-12-fips06/fit.RData
      md5: 6541a9ad4969c991829a77c99519d501
      size: 73399
  forecast-2021-04-12-06:
    cmd: fdt=2021-04-12 loc=06 Rscript write-formatted-forecast.R
    deps:
    - path: covidhub-common.R
      md5: d70068236956f5f5edd497ee7f68f261
      size: 22590
    - path: fits/2021-04-12-fips06/fit.RData
      md5: 39cada51331176302dba15851919285e
      size: 11802
    - path: write-formatted-forecast.R
      md5: b2a1de05e1b41d3f163a454237a62f13
      size: 18451
    outs:
    - path: forecasts/2021-04-12-fips06
      md5: 11adab3d1f2d74d9f289cf820449926e.dir
      size: 2169696
      nfiles: 2
    - path: plots/2021-04-12-fips06
      md5: 5be3c671ba5e9bf8bca62be23aecc6d1.dir
      size: 1303032
      nfiles: 8
