schema: '2.0'
stages:
  forecast-2020-08-10-06:
    cmd: fdt=2020-08-10 loc=06 Rscript write-formatted-forecast.R
    deps:
    - path: covidhub-common.R
      md5: c78cf501d27c1cb0012a2caa3aeb9861
      size: 22997
    - path: fits/2020-08-10-fips06/fit.RData
      md5: 5a5b1eefb2cc7d1b5b5a7c8093e61bd5
      size: 12418
    - path: write-formatted-forecast.R
      md5: 4de1ff628c3a2ba706ce149e873d44ce
      size: 24486
    outs:
    - path: forecasts/2020-08-10-fips06
      md5: 38b754c9de683b1abcefca682db92d43.dir
      size: 52882
      nfiles: 1
    - path: plots/2020-08-10-fips06
      md5: 625cd9fd1e836b3a46b5a98bcba4a3f4.dir
      size: 1780978
      nfiles: 12
  fit-2020-08-10-06:
    cmd: fdtstart=2020-08-03 fdt=2020-08-10 loc=06 Rscript fit-infection-kalman.R
    deps:
    - path: covidhub-common.R
      md5: 49555e6e2d733baa41116f01c5185bfe
      size: 23037
    - path: fit-infection-kalman.R
      md5: 736cbd4039fee5c6a9f37de625b9c846
      size: 12241
    - path: fits/2020-08-03-fips06/fit.RData
      md5: fdac1eca2d8c60a112fecdfdcf2e28be
      size: 11776
    - path: google-mobility-reports/2021-05-06
      md5: 19b9ffc61d3ce1b0f0ca51d18d6b2d26.dir
      size: 114473434
      nfiles: 2
    - path: hopkins/2020-08-10
      md5: 13afccd4aa4b42b21d84325788c3a7f0.dir
      size: 4577299
      nfiles: 8
    outs:
    - path: fits/2020-08-10-fips06/fit-metrics.json
      md5: df7b3e490761f2355a1a4536dc96133a
      size: 358
    - path: fits/2020-08-10-fips06/fit.RData
      md5: 5a5b1eefb2cc7d1b5b5a7c8093e61bd5
      size: 12418
